// !$*UTF8*$!
{
	archiveVersion = 1;
	classes = {
	};
	objectVersion = 46;
	objects = {

/* Begin PBXBuildFile section */
		4992952677184BEFA68B2F9D /* libPods.a in Frameworks */ = {isa = PBXBuildFile; fileRef = C03CD7F4A1584381A2B4F2FE /* libPods.a */; };
		61C9E10B19327C3400531975 /* PCPositionViewController.m in Sources */ = {isa = PBXBuildFile; fileRef = 61C9E10A19327C3400531975 /* PCPositionViewController.m */; };
		8ECDAD16193271C8003B8180 /* Foundation.framework in Frameworks */ = {isa = PBXBuildFile; fileRef = 8ECDAD15193271C8003B8180 /* Foundation.framework */; };
		8ECDAD18193271C8003B8180 /* CoreGraphics.framework in Frameworks */ = {isa = PBXBuildFile; fileRef = 8ECDAD17193271C8003B8180 /* CoreGraphics.framework */; };
		8ECDAD1A193271C8003B8180 /* UIKit.framework in Frameworks */ = {isa = PBXBuildFile; fileRef = 8ECDAD19193271C8003B8180 /* UIKit.framework */; };
		8ECDAD20193271C8003B8180 /* InfoPlist.strings in Resources */ = {isa = PBXBuildFile; fileRef = 8ECDAD1E193271C8003B8180 /* InfoPlist.strings */; };
		8ECDAD22193271C8003B8180 /* main.m in Sources */ = {isa = PBXBuildFile; fileRef = 8ECDAD21193271C8003B8180 /* main.m */; };
		8ECDAD26193271C8003B8180 /* AppDelegate.m in Sources */ = {isa = PBXBuildFile; fileRef = 8ECDAD25193271C8003B8180 /* AppDelegate.m */; };
		8ECDAD29193271C8003B8180 /* Main.storyboard in Resources */ = {isa = PBXBuildFile; fileRef = 8ECDAD27193271C8003B8180 /* Main.storyboard */; };
		8ECDAD2C193271C8003B8180 /* ViewController.m in Sources */ = {isa = PBXBuildFile; fileRef = 8ECDAD2B193271C8003B8180 /* ViewController.m */; };
		8ECDAD2E193271C8003B8180 /* Images.xcassets in Resources */ = {isa = PBXBuildFile; fileRef = 8ECDAD2D193271C8003B8180 /* Images.xcassets */; };
		8ECDAD35193271C8003B8180 /* XCTest.framework in Frameworks */ = {isa = PBXBuildFile; fileRef = 8ECDAD34193271C8003B8180 /* XCTest.framework */; };
		8ECDAD36193271C8003B8180 /* Foundation.framework in Frameworks */ = {isa = PBXBuildFile; fileRef = 8ECDAD15193271C8003B8180 /* Foundation.framework */; };
		8ECDAD37193271C8003B8180 /* UIKit.framework in Frameworks */ = {isa = PBXBuildFile; fileRef = 8ECDAD19193271C8003B8180 /* UIKit.framework */; };
		8ECDAD3F193271C8003B8180 /* InfoPlist.strings in Resources */ = {isa = PBXBuildFile; fileRef = 8ECDAD3D193271C8003B8180 /* InfoPlist.strings */; };
		8ECDAD41193271C8003B8180 /* POPCornTests.m in Sources */ = {isa = PBXBuildFile; fileRef = 8ECDAD40193271C8003B8180 /* POPCornTests.m */; };
		8ECDAD4C1932790D003B8180 /* PCScaleViewController.m in Sources */ = {isa = PBXBuildFile; fileRef = 8ECDAD4B1932790D003B8180 /* PCScaleViewController.m */; };
		8ECDAD5119327D9C003B8180 /* PCCircleView.m in Sources */ = {isa = PBXBuildFile; fileRef = 8ECDAD5019327D9C003B8180 /* PCCircleView.m */; };
/* End PBXBuildFile section */

/* Begin PBXContainerItemProxy section */
		8ECDAD38193271C8003B8180 /* PBXContainerItemProxy */ = {
			isa = PBXContainerItemProxy;
			containerPortal = 8ECDAD0A193271C8003B8180 /* Project object */;
			proxyType = 1;
			remoteGlobalIDString = 8ECDAD11193271C8003B8180;
			remoteInfo = POPCorn;
		};
/* End PBXContainerItemProxy section */

/* Begin PBXFileReference section */
		61C9E10919327C3400531975 /* PCPositionViewController.h */ = {isa = PBXFileReference; fileEncoding = 4; lastKnownFileType = sourcecode.c.h; path = PCPositionViewController.h; sourceTree = "<group>"; };
		61C9E10A19327C3400531975 /* PCPositionViewController.m */ = {isa = PBXFileReference; fileEncoding = 4; lastKnownFileType = sourcecode.c.objc; path = PCPositionViewController.m; sourceTree = "<group>"; };
		8ECDAD12193271C8003B8180 /* POPCorn.app */ = {isa = PBXFileReference; explicitFileType = wrapper.application; includeInIndex = 0; path = POPCorn.app; sourceTree = BUILT_PRODUCTS_DIR; };
		8ECDAD15193271C8003B8180 /* Foundation.framework */ = {isa = PBXFileReference; lastKnownFileType = wrapper.framework; name = Foundation.framework; path = System/Library/Frameworks/Foundation.framework; sourceTree = SDKROOT; };
		8ECDAD17193271C8003B8180 /* CoreGraphics.framework */ = {isa = PBXFileReference; lastKnownFileType = wrapper.framework; name = CoreGraphics.framework; path = System/Library/Frameworks/CoreGraphics.framework; sourceTree = SDKROOT; };
		8ECDAD19193271C8003B8180 /* UIKit.framework */ = {isa = PBXFileReference; lastKnownFileType = wrapper.framework; name = UIKit.framework; path = System/Library/Frameworks/UIKit.framework; sourceTree = SDKROOT; };
		8ECDAD1D193271C8003B8180 /* POPCorn-Info.plist */ = {isa = PBXFileReference; lastKnownFileType = text.plist.xml; path = "POPCorn-Info.plist"; sourceTree = "<group>"; };
		8ECDAD1F193271C8003B8180 /* en */ = {isa = PBXFileReference; lastKnownFileType = text.plist.strings; name = en; path = en.lproj/InfoPlist.strings; sourceTree = "<group>"; };
		8ECDAD21193271C8003B8180 /* main.m */ = {isa = PBXFileReference; lastKnownFileType = sourcecode.c.objc; path = main.m; sourceTree = "<group>"; };
		8ECDAD23193271C8003B8180 /* POPCorn-Prefix.pch */ = {isa = PBXFileReference; lastKnownFileType = sourcecode.c.h; path = "POPCorn-Prefix.pch"; sourceTree = "<group>"; };
		8ECDAD24193271C8003B8180 /* AppDelegate.h */ = {isa = PBXFileReference; lastKnownFileType = sourcecode.c.h; path = AppDelegate.h; sourceTree = "<group>"; };
		8ECDAD25193271C8003B8180 /* AppDelegate.m */ = {isa = PBXFileReference; lastKnownFileType = sourcecode.c.objc; path = AppDelegate.m; sourceTree = "<group>"; };
		8ECDAD28193271C8003B8180 /* Base */ = {isa = PBXFileReference; lastKnownFileType = file.storyboard; name = Base; path = Base.lproj/Main.storyboard; sourceTree = "<group>"; };
		8ECDAD2A193271C8003B8180 /* ViewController.h */ = {isa = PBXFileReference; lastKnownFileType = sourcecode.c.h; path = ViewController.h; sourceTree = "<group>"; };
		8ECDAD2B193271C8003B8180 /* ViewController.m */ = {isa = PBXFileReference; lastKnownFileType = sourcecode.c.objc; path = ViewController.m; sourceTree = "<group>"; };
		8ECDAD2D193271C8003B8180 /* Images.xcassets */ = {isa = PBXFileReference; lastKnownFileType = folder.assetcatalog; path = Images.xcassets; sourceTree = "<group>"; };
		8ECDAD33193271C8003B8180 /* POPCornTests.xctest */ = {isa = PBXFileReference; explicitFileType = wrapper.cfbundle; includeInIndex = 0; path = POPCornTests.xctest; sourceTree = BUILT_PRODUCTS_DIR; };
		8ECDAD34193271C8003B8180 /* XCTest.framework */ = {isa = PBXFileReference; lastKnownFileType = wrapper.framework; name = XCTest.framework; path = Library/Frameworks/XCTest.framework; sourceTree = DEVELOPER_DIR; };
		8ECDAD3C193271C8003B8180 /* POPCornTests-Info.plist */ = {isa = PBXFileReference; lastKnownFileType = text.plist.xml; path = "POPCornTests-Info.plist"; sourceTree = "<group>"; };
		8ECDAD3E193271C8003B8180 /* en */ = {isa = PBXFileReference; lastKnownFileType = text.plist.strings; name = en; path = en.lproj/InfoPlist.strings; sourceTree = "<group>"; };
		8ECDAD40193271C8003B8180 /* POPCornTests.m */ = {isa = PBXFileReference; lastKnownFileType = sourcecode.c.objc; path = POPCornTests.m; sourceTree = "<group>"; };
		8ECDAD4A1932790D003B8180 /* PCScaleViewController.h */ = {isa = PBXFileReference; fileEncoding = 4; lastKnownFileType = sourcecode.c.h; path = PCScaleViewController.h; sourceTree = "<group>"; };
		8ECDAD4B1932790D003B8180 /* PCScaleViewController.m */ = {isa = PBXFileReference; fileEncoding = 4; lastKnownFileType = sourcecode.c.objc; path = PCScaleViewController.m; sourceTree = "<group>"; };
		8ECDAD4F19327D9C003B8180 /* PCCircleView.h */ = {isa = PBXFileReference; fileEncoding = 4; lastKnownFileType = sourcecode.c.h; path = PCCircleView.h; sourceTree = "<group>"; };
		8ECDAD5019327D9C003B8180 /* PCCircleView.m */ = {isa = PBXFileReference; fileEncoding = 4; lastKnownFileType = sourcecode.c.objc; path = PCCircleView.m; sourceTree = "<group>"; };
		C03CD7F4A1584381A2B4F2FE /* libPods.a */ = {isa = PBXFileReference; explicitFileType = archive.ar; includeInIndex = 0; path = libPods.a; sourceTree = BUILT_PRODUCTS_DIR; };
		EF4C8E37B9664DEB99D8FB0B /* Pods.xcconfig */ = {isa = PBXFileReference; includeInIndex = 1; lastKnownFileType = text.xcconfig; name = Pods.xcconfig; path = Pods/Pods.xcconfig; sourceTree = "<group>"; };
/* End PBXFileReference section */

/* Begin PBXFrameworksBuildPhase section */
		8ECDAD0F193271C8003B8180 /* Frameworks */ = {
			isa = PBXFrameworksBuildPhase;
			buildActionMask = 2147483647;
			files = (
				8ECDAD18193271C8003B8180 /* CoreGraphics.framework in Frameworks */,
				8ECDAD1A193271C8003B8180 /* UIKit.framework in Frameworks */,
				8ECDAD16193271C8003B8180 /* Foundation.framework in Frameworks */,
				4992952677184BEFA68B2F9D /* libPods.a in Frameworks */,
			);
			runOnlyForDeploymentPostprocessing = 0;
		};
		8ECDAD30193271C8003B8180 /* Frameworks */ = {
			isa = PBXFrameworksBuildPhase;
			buildActionMask = 2147483647;
			files = (
				8ECDAD35193271C8003B8180 /* XCTest.framework in Frameworks */,
				8ECDAD37193271C8003B8180 /* UIKit.framework in Frameworks */,
				8ECDAD36193271C8003B8180 /* Foundation.framework in Frameworks */,
			);
			runOnlyForDeploymentPostprocessing = 0;
		};
/* End PBXFrameworksBuildPhase section */

/* Begin PBXGroup section */
		61C9E10819327C1400531975 /* Scale */ = {
			isa = PBXGroup;
			children = (
				8ECDAD4A1932790D003B8180 /* PCScaleViewController.h */,
				8ECDAD4B1932790D003B8180 /* PCScaleViewController.m */,
			);
			name = Scale;
			sourceTree = "<group>";
		};
		61C9E10C19327C3700531975 /* Position */ = {
			isa = PBXGroup;
			children = (
				61C9E10919327C3400531975 /* PCPositionViewController.h */,
				61C9E10A19327C3400531975 /* PCPositionViewController.m */,
			);
			name = Position;
			sourceTree = "<group>";
		};
		8ECDAD09193271C8003B8180 = {
			isa = PBXGroup;
			children = (
				8ECDAD1B193271C8003B8180 /* POPCorn */,
				8ECDAD3A193271C8003B8180 /* POPCornTests */,
				8ECDAD14193271C8003B8180 /* Frameworks */,
				8ECDAD13193271C8003B8180 /* Products */,
				EF4C8E37B9664DEB99D8FB0B /* Pods.xcconfig */,
			);
			sourceTree = "<group>";
		};
		8ECDAD13193271C8003B8180 /* Products */ = {
			isa = PBXGroup;
			children = (
				8ECDAD12193271C8003B8180 /* POPCorn.app */,
				8ECDAD33193271C8003B8180 /* POPCornTests.xctest */,
			);
			name = Products;
			sourceTree = "<group>";
		};
		8ECDAD14193271C8003B8180 /* Frameworks */ = {
			isa = PBXGroup;
			children = (
				8ECDAD15193271C8003B8180 /* Foundation.framework */,
				8ECDAD17193271C8003B8180 /* CoreGraphics.framework */,
				8ECDAD19193271C8003B8180 /* UIKit.framework */,
				8ECDAD34193271C8003B8180 /* XCTest.framework */,
				C03CD7F4A1584381A2B4F2FE /* libPods.a */,
			);
			name = Frameworks;
			sourceTree = "<group>";
		};
		8ECDAD1B193271C8003B8180 /* POPCorn */ = {
			isa = PBXGroup;
			children = (
				8ECDAD24193271C8003B8180 /* AppDelegate.h */,
				8ECDAD25193271C8003B8180 /* AppDelegate.m */,
				8ECDAD27193271C8003B8180 /* Main.storyboard */,
				8ECDAD2A193271C8003B8180 /* ViewController.h */,
				8ECDAD2B193271C8003B8180 /* ViewController.m */,
				8ECDAD2D193271C8003B8180 /* Images.xcassets */,
				8ECDAD4E19327D76003B8180 /* Views */,
				8ECDAD4D19327D5F003B8180 /* Properties */,
				8ECDAD1C193271C8003B8180 /* Supporting Files */,
			);
			path = POPCorn;
			sourceTree = "<group>";
		};
		8ECDAD1C193271C8003B8180 /* Supporting Files */ = {
			isa = PBXGroup;
			children = (
				8ECDAD1D193271C8003B8180 /* POPCorn-Info.plist */,
				8ECDAD1E193271C8003B8180 /* InfoPlist.strings */,
				8ECDAD21193271C8003B8180 /* main.m */,
				8ECDAD23193271C8003B8180 /* POPCorn-Prefix.pch */,
			);
			name = "Supporting Files";
			sourceTree = "<group>";
		};
		8ECDAD3A193271C8003B8180 /* POPCornTests */ = {
			isa = PBXGroup;
			children = (
				8ECDAD40193271C8003B8180 /* POPCornTests.m */,
				8ECDAD3B193271C8003B8180 /* Supporting Files */,
			);
			path = POPCornTests;
			sourceTree = "<group>";
		};
		8ECDAD3B193271C8003B8180 /* Supporting Files */ = {
			isa = PBXGroup;
			children = (
				8ECDAD3C193271C8003B8180 /* POPCornTests-Info.plist */,
				8ECDAD3D193271C8003B8180 /* InfoPlist.strings */,
			);
			name = "Supporting Files";
			sourceTree = "<group>";
		};
		8ECDAD4D19327D5F003B8180 /* Properties */ = {
			isa = PBXGroup;
			children = (
				61C9E10C19327C3700531975 /* Position */,
				61C9E10819327C1400531975 /* Scale */,
			);
			name = Properties;
			sourceTree = "<group>";
		};
		8ECDAD4E19327D76003B8180 /* Views */ = {
			isa = PBXGroup;
			children = (
				8ECDAD4F19327D9C003B8180 /* PCCircleView.h */,
				8ECDAD5019327D9C003B8180 /* PCCircleView.m */,
			);
			name = Views;
			sourceTree = "<group>";
		};
/* End PBXGroup section */

/* Begin PBXNativeTarget section */
		8ECDAD11193271C8003B8180 /* POPCorn */ = {
			isa = PBXNativeTarget;
			buildConfigurationList = 8ECDAD44193271C8003B8180 /* Build configuration list for PBXNativeTarget "POPCorn" */;
			buildPhases = (
				2F6A7068B2654C28B5B88044 /* Check Pods Manifest.lock */,
				8ECDAD0E193271C8003B8180 /* Sources */,
				8ECDAD0F193271C8003B8180 /* Frameworks */,
				8ECDAD10193271C8003B8180 /* Resources */,
				4E49C1B22B5F43A3B2FB54B8 /* Copy Pods Resources */,
			);
			buildRules = (
			);
			dependencies = (
			);
			name = POPCorn;
			productName = POPCorn;
			productReference = 8ECDAD12193271C8003B8180 /* POPCorn.app */;
			productType = "com.apple.product-type.application";
		};
		8ECDAD32193271C8003B8180 /* POPCornTests */ = {
			isa = PBXNativeTarget;
			buildConfigurationList = 8ECDAD47193271C8003B8180 /* Build configuration list for PBXNativeTarget "POPCornTests" */;
			buildPhases = (
				8ECDAD2F193271C8003B8180 /* Sources */,
				8ECDAD30193271C8003B8180 /* Frameworks */,
				8ECDAD31193271C8003B8180 /* Resources */,
			);
			buildRules = (
			);
			dependencies = (
				8ECDAD39193271C8003B8180 /* PBXTargetDependency */,
			);
			name = POPCornTests;
			productName = POPCornTests;
			productReference = 8ECDAD33193271C8003B8180 /* POPCornTests.xctest */;
			productType = "com.apple.product-type.bundle.unit-test";
		};
/* End PBXNativeTarget section */

/* Begin PBXProject section */
		8ECDAD0A193271C8003B8180 /* Project object */ = {
			isa = PBXProject;
			attributes = {
				LastUpgradeCheck = 0510;
				ORGANIZATIONNAME = "Daniel Rakhamimov";
				TargetAttributes = {
					8ECDAD32193271C8003B8180 = {
						TestTargetID = 8ECDAD11193271C8003B8180;
					};
				};
			};
			buildConfigurationList = 8ECDAD0D193271C8003B8180 /* Build configuration list for PBXProject "POPCorn" */;
			compatibilityVersion = "Xcode 3.2";
			developmentRegion = English;
			hasScannedForEncodings = 0;
			knownRegions = (
				en,
				Base,
			);
			mainGroup = 8ECDAD09193271C8003B8180;
			productRefGroup = 8ECDAD13193271C8003B8180 /* Products */;
			projectDirPath = "";
			projectRoot = "";
			targets = (
				8ECDAD11193271C8003B8180 /* POPCorn */,
				8ECDAD32193271C8003B8180 /* POPCornTests */,
			);
		};
/* End PBXProject section */

/* Begin PBXResourcesBuildPhase section */
		8ECDAD10193271C8003B8180 /* Resources */ = {
			isa = PBXResourcesBuildPhase;
			buildActionMask = 2147483647;
			files = (
				8ECDAD2E193271C8003B8180 /* Images.xcassets in Resources */,
				8ECDAD20193271C8003B8180 /* InfoPlist.strings in Resources */,
				8ECDAD29193271C8003B8180 /* Main.storyboard in Resources */,
			);
			runOnlyForDeploymentPostprocessing = 0;
		};
		8ECDAD31193271C8003B8180 /* Resources */ = {
			isa = PBXResourcesBuildPhase;
			buildActionMask = 2147483647;
			files = (
				8ECDAD3F193271C8003B8180 /* InfoPlist.strings in Resources */,
			);
			runOnlyForDeploymentPostprocessing = 0;
		};
/* End PBXResourcesBuildPhase section */

/* Begin PBXShellScriptBuildPhase section */
		2F6A7068B2654C28B5B88044 /* Check Pods Manifest.lock */ = {
			isa = PBXShellScriptBuildPhase;
			buildActionMask = 2147483647;
			files = (
			);
			inputPaths = (
			);
			name = "Check Pods Manifest.lock";
			outputPaths = (
			);
			runOnlyForDeploymentPostprocessing = 0;
			shellPath = /bin/sh;
			shellScript = "diff \"${PODS_ROOT}/../Podfile.lock\" \"${PODS_ROOT}/Manifest.lock\" > /dev/null\nif [[ $? != 0 ]] ; then\n    cat << EOM\nerror: The sandbox is not in sync with the Podfile.lock. Run 'pod install' or update your CocoaPods installation.\nEOM\n    exit 1\nfi\n";
			showEnvVarsInLog = 0;
		};
		4E49C1B22B5F43A3B2FB54B8 /* Copy Pods Resources */ = {
			isa = PBXShellScriptBuildPhase;
			buildActionMask = 2147483647;
			files = (
			);
			inputPaths = (
			);
			name = "Copy Pods Resources";
			outputPaths = (
			);
			runOnlyForDeploymentPostprocessing = 0;
			shellPath = /bin/sh;
			shellScript = "\"${SRCROOT}/Pods/Pods-resources.sh\"\n";
			showEnvVarsInLog = 0;
		};
/* End PBXShellScriptBuildPhase section */

/* Begin PBXSourcesBuildPhase section */
		8ECDAD0E193271C8003B8180 /* Sources */ = {
			isa = PBXSourcesBuildPhase;
			buildActionMask = 2147483647;
			files = (
				8ECDAD4C1932790D003B8180 /* PCScaleViewController.m in Sources */,
				8ECDAD2C193271C8003B8180 /* ViewController.m in Sources */,
				61C9E10B19327C3400531975 /* PCPositionViewController.m in Sources */,
				8ECDAD26193271C8003B8180 /* AppDelegate.m in Sources */,
				8ECDAD22193271C8003B8180 /* main.m in Sources */,
				8ECDAD5119327D9C003B8180 /* PCCircleView.m in Sources */,
			);
			runOnlyForDeploymentPostprocessing = 0;
		};
		8ECDAD2F193271C8003B8180 /* Sources */ = {
			isa = PBXSourcesBuildPhase;
			buildActionMask = 2147483647;
			files = (
				8ECDAD41193271C8003B8180 /* POPCornTests.m in Sources */,
			);
			runOnlyForDeploymentPostprocessing = 0;
		};
/* End PBXSourcesBuildPhase section */

/* Begin PBXTargetDependency section */
		8ECDAD39193271C8003B8180 /* PBXTargetDependency */ = {
			isa = PBXTargetDependency;
			target = 8ECDAD11193271C8003B8180 /* POPCorn */;
			targetProxy = 8ECDAD38193271C8003B8180 /* PBXContainerItemProxy */;
		};
/* End PBXTargetDependency section */

/* Begin PBXVariantGroup section */
		8ECDAD1E193271C8003B8180 /* InfoPlist.strings */ = {
			isa = PBXVariantGroup;
			children = (
				8ECDAD1F193271C8003B8180 /* en */,
			);
			name = InfoPlist.strings;
			sourceTree = "<group>";
		};
		8ECDAD27193271C8003B8180 /* Main.storyboard */ = {
			isa = PBXVariantGroup;
			children = (
				8ECDAD28193271C8003B8180 /* Base */,
			);
			name = Main.storyboard;
			sourceTree = "<group>";
		};
		8ECDAD3D193271C8003B8180 /* InfoPlist.strings */ = {
			isa = PBXVariantGroup;
			children = (
				8ECDAD3E193271C8003B8180 /* en */,
			);
			name = InfoPlist.strings;
			sourceTree = "<group>";
		};
/* End PBXVariantGroup section */

/* Begin XCBuildConfiguration section */
		8ECDAD42193271C8003B8180 /* Debug */ = {
			isa = XCBuildConfiguration;
			buildSettings = {
				ALWAYS_SEARCH_USER_PATHS = NO;
				CLANG_CXX_LANGUAGE_STANDARD = "gnu++0x";
				CLANG_CXX_LIBRARY = "libc++";
				CLANG_ENABLE_MODULES = YES;
				CLANG_ENABLE_OBJC_ARC = YES;
				CLANG_WARN_BOOL_CONVERSION = YES;
				CLANG_WARN_CONSTANT_CONVERSION = YES;
				CLANG_WARN_DIRECT_OBJC_ISA_USAGE = YES_ERROR;
				CLANG_WARN_EMPTY_BODY = YES;
				CLANG_WARN_ENUM_CONVERSION = YES;
				CLANG_WARN_INT_CONVERSION = YES;
				CLANG_WARN_OBJC_ROOT_CLASS = YES_ERROR;
				CLANG_WARN__DUPLICATE_METHOD_MATCH = YES;
				"CODE_SIGN_IDENTITY[sdk=iphoneos*]" = "iPhone Developer";
				COPY_PHASE_STRIP = NO;
				GCC_C_LANGUAGE_STANDARD = gnu99;
				GCC_DYNAMIC_NO_PIC = NO;
				GCC_OPTIMIZATION_LEVEL = 0;
				GCC_PREPROCESSOR_DEFINITIONS = (
					"DEBUG=1",
					"$(inherited)",
				);
				GCC_SYMBOLS_PRIVATE_EXTERN = NO;
				GCC_WARN_64_TO_32_BIT_CONVERSION = YES;
				GCC_WARN_ABOUT_RETURN_TYPE = YES_ERROR;
				GCC_WARN_UNDECLARED_SELECTOR = YES;
				GCC_WARN_UNINITIALIZED_AUTOS = YES_AGGRESSIVE;
				GCC_WARN_UNUSED_FUNCTION = YES;
				GCC_WARN_UNUSED_VARIABLE = YES;
				IPHONEOS_DEPLOYMENT_TARGET = 7.1;
				ONLY_ACTIVE_ARCH = YES;
				SDKROOT = iphoneos;
			};
			name = Debug;
		};
		8ECDAD43193271C8003B8180 /* Release */ = {
			isa = XCBuildConfiguration;
			buildSettings = {
				ALWAYS_SEARCH_USER_PATHS = NO;
				CLANG_CXX_LANGUAGE_STANDARD = "gnu++0x";
				CLANG_CXX_LIBRARY = "libc++";
				CLANG_ENABLE_MODULES = YES;
				CLANG_ENABLE_OBJC_ARC = YES;
				CLANG_WARN_BOOL_CONVERSION = YES;
				CLANG_WARN_CONSTANT_CONVERSION = YES;
				CLANG_WARN_DIRECT_OBJC_ISA_USAGE = YES_ERROR;
				CLANG_WARN_EMPTY_BODY = YES;
				CLANG_WARN_ENUM_CONVERSION = YES;
				CLANG_WARN_INT_CONVERSION = YES;
				CLANG_WARN_OBJC_ROOT_CLASS = YES_ERROR;
				CLANG_WARN__DUPLICATE_METHOD_MATCH = YES;
				"CODE_SIGN_IDENTITY[sdk=iphoneos*]" = "iPhone Developer";
				COPY_PHASE_STRIP = YES;
				ENABLE_NS_ASSERTIONS = NO;
				GCC_C_LANGUAGE_STANDARD = gnu99;
				GCC_WARN_64_TO_32_BIT_CONVERSION = YES;
				GCC_WARN_ABOUT_RETURN_TYPE = YES_ERROR;
				GCC_WARN_UNDECLARED_SELECTOR = YES;
				GCC_WARN_UNINITIALIZED_AUTOS = YES_AGGRESSIVE;
				GCC_WARN_UNUSED_FUNCTION = YES;
				GCC_WARN_UNUSED_VARIABLE = YES;
				IPHONEOS_DEPLOYMENT_TARGET = 7.1;
				SDKROOT = iphoneos;
				VALIDATE_PRODUCT = YES;
			};
			name = Release;
		};
		8ECDAD45193271C8003B8180 /* Debug */ = {
			isa = XCBuildConfiguration;
			baseConfigurationReference = EF4C8E37B9664DEB99D8FB0B /* Pods.xcconfig */;
			buildSettings = {
				ASSETCATALOG_COMPILER_APPICON_NAME = AppIcon;
				ASSETCATALOG_COMPILER_LAUNCHIMAGE_NAME = LaunchImage;
				GCC_PRECOMPILE_PREFIX_HEADER = YES;
				GCC_PREFIX_HEADER = "POPCorn/POPCorn-Prefix.pch";
				INFOPLIST_FILE = "POPCorn/POPCorn-Info.plist";
				PRODUCT_NAME = "$(TARGET_NAME)";
				WRAPPER_EXTENSION = app;
			};
			name = Debug;
		};
		8ECDAD46193271C8003B8180 /* Release */ = {
			isa = XCBuildConfiguration;
			baseConfigurationReference = EF4C8E37B9664DEB99D8FB0B /* Pods.xcconfig */;
			buildSettings = {
				ASSETCATALOG_COMPILER_APPICON_NAME = AppIcon;
				ASSETCATALOG_COMPILER_LAUNCHIMAGE_NAME = LaunchImage;
				GCC_PRECOMPILE_PREFIX_HEADER = YES;
				GCC_PREFIX_HEADER = "POPCorn/POPCorn-Prefix.pch";
				INFOPLIST_FILE = "POPCorn/POPCorn-Info.plist";
				PRODUCT_NAME = "$(TARGET_NAME)";
				WRAPPER_EXTENSION = app;
			};
			name = Release;
		};
		8ECDAD48193271C8003B8180 /* Debug */ = {
			isa = XCBuildConfiguration;
			buildSettings = {
				BUNDLE_LOADER = "$(BUILT_PRODUCTS_DIR)/POPCorn.app/POPCorn";
				FRAMEWORK_SEARCH_PATHS = (
					"$(SDKROOT)/Developer/Library/Frameworks",
					"$(inherited)",
					"$(DEVELOPER_FRAMEWORKS_DIR)",
				);
				GCC_PRECOMPILE_PREFIX_HEADER = YES;
				GCC_PREFIX_HEADER = "POPCorn/POPCorn-Prefix.pch";
				GCC_PREPROCESSOR_DEFINITIONS = (
					"DEBUG=1",
					"$(inherited)",
				);
				INFOPLIST_FILE = "POPCornTests/POPCornTests-Info.plist";
				PRODUCT_NAME = "$(TARGET_NAME)";
				TEST_HOST = "$(BUNDLE_LOADER)";
				WRAPPER_EXTENSION = xctest;
			};
			name = Debug;
		};
		8ECDAD49193271C8003B8180 /* Release */ = {
			isa = XCBuildConfiguration;
			buildSettings = {
				BUNDLE_LOADER = "$(BUILT_PRODUCTS_DIR)/POPCorn.app/POPCorn";
				FRAMEWORK_SEARCH_PATHS = (
					"$(SDKROOT)/Developer/Library/Frameworks",
					"$(inherited)",
					"$(DEVELOPER_FRAMEWORKS_DIR)",
				);
				GCC_PRECOMPILE_PREFIX_HEADER = YES;
				GCC_PREFIX_HEADER = "POPCorn/POPCorn-Prefix.pch";
				INFOPLIST_FILE = "POPCornTests/POPCornTests-Info.plist";
				PRODUCT_NAME = "$(TARGET_NAME)";
				TEST_HOST = "$(BUNDLE_LOADER)";
				WRAPPER_EXTENSION = xctest;
			};
			name = Release;
		};
/* End XCBuildConfiguration section */

/* Begin XCConfigurationList section */
		8ECDAD0D193271C8003B8180 /* Build configuration list for PBXProject "POPCorn" */ = {
			isa = XCConfigurationList;
			buildConfigurations = (
				8ECDAD42193271C8003B8180 /* Debug */,
				8ECDAD43193271C8003B8180 /* Release */,
			);
			defaultConfigurationIsVisible = 0;
			defaultConfigurationName = Release;
		};
		8ECDAD44193271C8003B8180 /* Build configuration list for PBXNativeTarget "POPCorn" */ = {
			isa = XCConfigurationList;
			buildConfigurations = (
				8ECDAD45193271C8003B8180 /* Debug */,
				8ECDAD46193271C8003B8180 /* Release */,
			);
			defaultConfigurationIsVisible = 0;
			defaultConfigurationName = Release;
		};
		8ECDAD47193271C8003B8180 /* Build configuration list for PBXNativeTarget "POPCornTests" */ = {
			isa = XCConfigurationList;
			buildConfigurations = (
				8ECDAD48193271C8003B8180 /* Debug */,
				8ECDAD49193271C8003B8180 /* Release */,
			);
			defaultConfigurationIsVisible = 0;
			defaultConfigurationName = Release;
		};
/* End XCConfigurationList section */
	};
	rootObject = 8ECDAD0A193271C8003B8180 /* Project object */;
}
